<?xml version="1.0" encoding="UTF-8" standalone="yes" ?>
<CodeBlocks_project_file>
	<FileVersion major="1" minor="6" />
	<Project>
		<Option title="Contacts Manager (GUI) 1.0.1 CB" />
		<Option pch_mode="2" />
		<Option compiler="gcc" />
		<Build>
			<Target title="Debug">
				<Option output="bin/Debug/Contacts Manager (GUI) 1.0.1 CB" prefix_auto="1" extension_auto="1" />
				<Option object_output="obj/Debug/" />
				<Option type="0" />
				<Option compiler="gcc" />
				<Compiler>
					<Add option="-g" />
				</Compiler>
				<Linker>
					<Add library="libcomctl32.a" />
					<Add library="libgdi32.a" />
					<Add library="libcomdlg32.a" />
				</Linker>
			</Target>
			<Target title="Release">
				<Option output="bin/Release/Contacts Manager (GUI) 1.0.1 CB" prefix_auto="1" extension_auto="1" />
				<Option object_output="obj/Release/" />
				<Option type="1" />
				<Option compiler="gcc" />
				<Compiler>
					<Add option="-O2" />
				</Compiler>
				<Linker>
					<Add option="-s" />
				</Linker>
			</Target>
		</Build>
		<Compiler>
			<Add option="-Wall" />
		</Compiler>
		<Unit filename="ContactsManager.c">
			<Option compilerVar="CC" />
		</Unit>
		<Unit filename="Resource.rc">
			<Option compilerVar="WINDRES" />
		</Unit>
		<Unit filename="contacts.h" />
		<Unit filename="functions.h" />
		<Unit filename="resource.h" />
		<Extensions>
			<code_completion />
			<envvars />
			<debugger />
		</Extensions>
	</Project>
</CodeBlocks_project_file>
